
Microsoft Visual Studio Solution File, Format Version 12.00
# Visual Studio Version 17
VisualStudioVersion = 17.11.35222.181
MinimumVisualStudioVersion = 10.0.40219.1
Project("{FAE04EC0-301F-11D3-BF4B-00C04F79EFBC}") = "Triangle Draw App", "Triangle Draw App\Triangle Draw App.csproj", "{F0189295-0CAA-445F-9B05-D3DE60D8442D}"
EndProject
Global
	GlobalSection(SolutionConfigurationPlatforms) = preSolution
		Debug|Any CPU = Debug|Any CPU
		Release|Any CPU = Release|Any CPU
	EndGlobalSection
	GlobalSection(ProjectConfigurationPlatforms) = postSolution
		{F0189295-0CAA-445F-9B05-D3DE60D8442D}.Debug|Any CPU.ActiveCfg = Debug|Any CPU
		{F0189295-0CAA-445F-9B05-D3DE60D8442D}.Debug|Any CPU.Build.0 = Debug|Any CPU
		{F0189295-0CAA-445F-9B05-D3DE60D8442D}.Release|Any CPU.ActiveCfg = Release|Any CPU
		{F0189295-0CAA-445F-9B05-D3DE60D8442D}.Release|Any CPU.Build.0 = Release|Any CPU
	EndGlobalSection
	GlobalSection(SolutionProperties) = preSolution
		HideSolutionNode = FALSE
	EndGlobalSection
	GlobalSection(ExtensibilityGlobals) = postSolution
		SolutionGuid = {6DE43C4F-D282-4961-A130-FEFE6BA7A846}
	EndGlobalSection
EndGlobal
